
Microsoft Visual Studio Solution File, Format Version 12.00
# Visual Studio Version 17
VisualStudioVersion = 17.4.33213.308
MinimumVisualStudioVersion = 10.0.40219.1
Project("{FAE04EC0-301F-11D3-BF4B-00C04F79EFBC}") = "TestWinForm20", "TestWinForm20\TestWinForm20.csproj", "{7766847B-67BA-4AA2-8ABD-167792D3A404}"
EndProject
Global
	GlobalSection(SolutionConfigurationPlatforms) = preSolution
		Debug|Any CPU = Debug|Any CPU
		Release|Any CPU = Release|Any CPU
	EndGlobalSection
	GlobalSection(ProjectConfigurationPlatforms) = postSolution
		{7766847B-67BA-4AA2-8ABD-167792D3A404}.Debug|Any CPU.ActiveCfg = Debug|Any CPU
		{7766847B-67BA-4AA2-8ABD-167792D3A404}.Debug|Any CPU.Build.0 = Debug|Any CPU
		{7766847B-67BA-4AA2-8ABD-167792D3A404}.Release|Any CPU.ActiveCfg = Release|Any CPU
		{7766847B-67BA-4AA2-8ABD-167792D3A404}.Release|Any CPU.Build.0 = Release|Any CPU
	EndGlobalSection
	GlobalSection(SolutionProperties) = preSolution
		HideSolutionNode = FALSE
	EndGlobalSection
	GlobalSection(ExtensibilityGlobals) = postSolution
		SolutionGuid = {BB21BBED-EB0D-458F-BF5C-58FF39A04E70}
	EndGlobalSection
EndGlobal
